Microsoft Visual Studio Solution File, Format Version 11.00
# Visual Studio 2008

Project("{DE218257-BD49-9FC2-F95D-9045F2D3842F}") = "Infinite-Tower", "Assembly-CSharp-firstpass-vs.csproj", "{3B865F88-212C-4BA1-B8D7-F63454D159D5}"
EndProject
Project("{DE218257-BD49-9FC2-F95D-9045F2D3842F}") = "Infinite-Tower", "Assembly-CSharp-vs.csproj", "{E824BEF2-03A2-E973-DD4A-2C1BDF33ABCD}"
EndProject
Project("{DE218257-BD49-9FC2-F95D-9045F2D3842F}") = "Infinite-Tower", "Assembly-CSharp-Editor-vs.csproj", "{29F439C3-B406-8742-E59D-5AFABEF514AE}"
EndProject
Global
	GlobalSection(SolutionConfigurationPlatforms) = preSolution
		Debug|Any CPU = Debug|Any CPU
		Release|Any CPU = Release|Any CPU
	EndGlobalSection
	GlobalSection(ProjectConfigurationPlatforms) = postSolution
		{3B865F88-212C-4BA1-B8D7-F63454D159D5}.Debug|Any CPU.ActiveCfg = Debug|Any CPU
		{3B865F88-212C-4BA1-B8D7-F63454D159D5}.Debug|Any CPU.Build.0 = Debug|Any CPU
		{3B865F88-212C-4BA1-B8D7-F63454D159D5}.Release|Any CPU.ActiveCfg = Release|Any CPU
		{3B865F88-212C-4BA1-B8D7-F63454D159D5}.Release|Any CPU.Build.0 = Release|Any CPU
		{E824BEF2-03A2-E973-DD4A-2C1BDF33ABCD}.Debug|Any CPU.ActiveCfg = Debug|Any CPU
		{E824BEF2-03A2-E973-DD4A-2C1BDF33ABCD}.Debug|Any CPU.Build.0 = Debug|Any CPU
		{E824BEF2-03A2-E973-DD4A-2C1BDF33ABCD}.Release|Any CPU.ActiveCfg = Release|Any CPU
		{E824BEF2-03A2-E973-DD4A-2C1BDF33ABCD}.Release|Any CPU.Build.0 = Release|Any CPU
		{29F439C3-B406-8742-E59D-5AFABEF514AE}.Debug|Any CPU.ActiveCfg = Debug|Any CPU
		{29F439C3-B406-8742-E59D-5AFABEF514AE}.Debug|Any CPU.Build.0 = Debug|Any CPU
		{29F439C3-B406-8742-E59D-5AFABEF514AE}.Release|Any CPU.ActiveCfg = Release|Any CPU
		{29F439C3-B406-8742-E59D-5AFABEF514AE}.Release|Any CPU.Build.0 = Release|Any CPU
	EndGlobalSection
	GlobalSection(SolutionProperties) = preSolution
		HideSolutionNode = FALSE
	EndGlobalSection
<<<<<<< HEAD
																																																		GlobalSection(MonoDevelopProperties) = preSolution
=======
																																										GlobalSection(MonoDevelopProperties) = preSolution
=======
<<<<<<< HEAD
																																																		GlobalSection(MonoDevelopProperties) = preSolution
=======
<<<<<<< HEAD
																																										GlobalSection(MonoDevelopProperties) = preSolution
=======
																																			GlobalSection(MonoDevelopProperties) = preSolution
=======
																																											GlobalSection(MonoDevelopProperties) = preSolution
>>>>>>> origin/Rollback
>>>>>>> origin/Rollback
=======
<<<<<<< HEAD
																																								GlobalSection(MonoDevelopProperties) = preSolution
>>>>>>> origin/Rollback
=======
																																			GlobalSection(MonoDevelopProperties) = preSolution
>>>>>>> origin/Rollback
>>>>>>> origin/Rollback
=======
																																		GlobalSection(MonoDevelopProperties) = preSolution
>>>>>>> origin/Rollback
=======
																																GlobalSection(MonoDevelopProperties) = preSolution
=======
																									GlobalSection(MonoDevelopProperties) = preSolution
>>>>>>> origin/Rollback
=======
														GlobalSection(MonoDevelopProperties) = preSolution
>>>>>>> origin/Rollback
=======
															GlobalSection(MonoDevelopProperties) = preSolution
>>>>>>> origin/Rollback
=======
								GlobalSection(MonoDevelopProperties) = preSolution
>>>>>>> origin/Rollback
>>>>>>> origin/Rollback
		StartupItem = Assembly-CSharp.csproj
		Policies = $0
		$0.TextStylePolicy = $1
		$1.inheritsSet = null
		$1.scope = text/x-csharp
		$0.CSharpFormattingPolicy = $2
		$2.inheritsSet = Mono
		$2.inheritsScope = text/x-csharp
		$2.scope = text/x-csharp
		$0.TextStylePolicy = $3
		$3.FileWidth = 120
		$3.TabWidth = 4
		$3.IndentWidth = 4
		$3.EolMarker = Unix
		$3.inheritsSet = Mono
		$3.inheritsScope = text/plain
		$3.scope = text/plain
	EndGlobalSection

EndGlobal
